
Microsoft Visual Studio Solution File, Format Version 12.00
# Visual Studio 15
VisualStudioVersion = 15.0.26730.10
MinimumVisualStudioVersion = 10.0.40219.1
Project("{9A19103F-16F7-4668-BE54-9A1E7A4F7556}") = "FactoryMethod", "FactoryMethod\FactoryMethod.csproj", "{3FED1615-9CCB-47A2-8445-C614E7C2B8B0}"
EndProject
Project("{9A19103F-16F7-4668-BE54-9A1E7A4F7556}") = "Strategy", "Strategy\Strategy.csproj", "{50F61273-7064-445D-855C-8B07F2D37E5D}"
EndProject
Project("{9A19103F-16F7-4668-BE54-9A1E7A4F7556}") = "Decorator", "Decorator\Decorator.csproj", "{13645A1A-BFE5-4B5F-8D8E-5F7D55AC6654}"
EndProject
Project("{9A19103F-16F7-4668-BE54-9A1E7A4F7556}") = "Adapter", "Adapter\Adapter.csproj", "{2C12A38C-5593-4137-9277-B36B0083DA6A}"
EndProject
Project("{9A19103F-16F7-4668-BE54-9A1E7A4F7556}") = "Facade", "Facade\Facade.csproj", "{E67E9763-B59A-43E8-A30F-4BF4D8134A4C}"
EndProject
Project("{9A19103F-16F7-4668-BE54-9A1E7A4F7556}") = "DecoratorSample", "DecoratorSample\DecoratorSample.csproj", "{87910ADA-F0CB-446C-90B6-318ACFF5092E}"
EndProject
Project("{9A19103F-16F7-4668-BE54-9A1E7A4F7556}") = "SingletonSample", "SingletonSample\SingletonSample.csproj", "{D43F9C9F-BDE1-498C-BA7D-2DF4FA22CC8D}"
EndProject
Project("{FAE04EC0-301F-11D3-BF4B-00C04F79EFBC}") = "FactoryDI", "FactoryDI\FactoryDI.csproj", "{0B23E936-B616-452B-9F36-B19FF9885F8B}"
EndProject
Global
	GlobalSection(SolutionConfigurationPlatforms) = preSolution
		Debug|Any CPU = Debug|Any CPU
		Release|Any CPU = Release|Any CPU
	EndGlobalSection
	GlobalSection(ProjectConfigurationPlatforms) = postSolution
		{3FED1615-9CCB-47A2-8445-C614E7C2B8B0}.Debug|Any CPU.ActiveCfg = Debug|Any CPU
		{3FED1615-9CCB-47A2-8445-C614E7C2B8B0}.Debug|Any CPU.Build.0 = Debug|Any CPU
		{3FED1615-9CCB-47A2-8445-C614E7C2B8B0}.Release|Any CPU.ActiveCfg = Release|Any CPU
		{3FED1615-9CCB-47A2-8445-C614E7C2B8B0}.Release|Any CPU.Build.0 = Release|Any CPU
		{50F61273-7064-445D-855C-8B07F2D37E5D}.Debug|Any CPU.ActiveCfg = Debug|Any CPU
		{50F61273-7064-445D-855C-8B07F2D37E5D}.Debug|Any CPU.Build.0 = Debug|Any CPU
		{50F61273-7064-445D-855C-8B07F2D37E5D}.Release|Any CPU.ActiveCfg = Release|Any CPU
		{50F61273-7064-445D-855C-8B07F2D37E5D}.Release|Any CPU.Build.0 = Release|Any CPU
		{13645A1A-BFE5-4B5F-8D8E-5F7D55AC6654}.Debug|Any CPU.ActiveCfg = Debug|Any CPU
		{13645A1A-BFE5-4B5F-8D8E-5F7D55AC6654}.Debug|Any CPU.Build.0 = Debug|Any CPU
		{13645A1A-BFE5-4B5F-8D8E-5F7D55AC6654}.Release|Any CPU.ActiveCfg = Release|Any CPU
		{13645A1A-BFE5-4B5F-8D8E-5F7D55AC6654}.Release|Any CPU.Build.0 = Release|Any CPU
		{2C12A38C-5593-4137-9277-B36B0083DA6A}.Debug|Any CPU.ActiveCfg = Debug|Any CPU
		{2C12A38C-5593-4137-9277-B36B0083DA6A}.Debug|Any CPU.Build.0 = Debug|Any CPU
		{2C12A38C-5593-4137-9277-B36B0083DA6A}.Release|Any CPU.ActiveCfg = Release|Any CPU
		{2C12A38C-5593-4137-9277-B36B0083DA6A}.Release|Any CPU.Build.0 = Release|Any CPU
		{E67E9763-B59A-43E8-A30F-4BF4D8134A4C}.Debug|Any CPU.ActiveCfg = Debug|Any CPU
		{E67E9763-B59A-43E8-A30F-4BF4D8134A4C}.Debug|Any CPU.Build.0 = Debug|Any CPU
		{E67E9763-B59A-43E8-A30F-4BF4D8134A4C}.Release|Any CPU.ActiveCfg = Release|Any CPU
		{E67E9763-B59A-43E8-A30F-4BF4D8134A4C}.Release|Any CPU.Build.0 = Release|Any CPU
		{87910ADA-F0CB-446C-90B6-318ACFF5092E}.Debug|Any CPU.ActiveCfg = Debug|Any CPU
		{87910ADA-F0CB-446C-90B6-318ACFF5092E}.Debug|Any CPU.Build.0 = Debug|Any CPU
		{87910ADA-F0CB-446C-90B6-318ACFF5092E}.Release|Any CPU.ActiveCfg = Release|Any CPU
		{87910ADA-F0CB-446C-90B6-318ACFF5092E}.Release|Any CPU.Build.0 = Release|Any CPU
		{D43F9C9F-BDE1-498C-BA7D-2DF4FA22CC8D}.Debug|Any CPU.ActiveCfg = Debug|Any CPU
		{D43F9C9F-BDE1-498C-BA7D-2DF4FA22CC8D}.Debug|Any CPU.Build.0 = Debug|Any CPU
		{D43F9C9F-BDE1-498C-BA7D-2DF4FA22CC8D}.Release|Any CPU.ActiveCfg = Release|Any CPU
		{D43F9C9F-BDE1-498C-BA7D-2DF4FA22CC8D}.Release|Any CPU.Build.0 = Release|Any CPU
		{0B23E936-B616-452B-9F36-B19FF9885F8B}.Debug|Any CPU.ActiveCfg = Debug|Any CPU
		{0B23E936-B616-452B-9F36-B19FF9885F8B}.Debug|Any CPU.Build.0 = Debug|Any CPU
		{0B23E936-B616-452B-9F36-B19FF9885F8B}.Release|Any CPU.ActiveCfg = Release|Any CPU
		{0B23E936-B616-452B-9F36-B19FF9885F8B}.Release|Any CPU.Build.0 = Release|Any CPU
	EndGlobalSection
	GlobalSection(SolutionProperties) = preSolution
		HideSolutionNode = FALSE
	EndGlobalSection
	GlobalSection(ExtensibilityGlobals) = postSolution
		SolutionGuid = {C3F7F9C9-994C-410A-8122-08B654E5E7D2}
	EndGlobalSection
EndGlobal
